<?xml version="1.0" encoding="UTF-8" standalone="yes" ?>
<CodeBlocks_project_file>
	<FileVersion major="1" minor="6" />
	<Project>
		<Option title="Tp 2 para code blocks" />
		<Option pch_mode="2" />
		<Option compiler="gcc" />
		<Build>
			<Target title="Debug">
				<Option output="bin/Debug/Tp 2 para code blocks" prefix_auto="1" extension_auto="1" />
				<Option object_output="obj/Debug/" />
				<Option type="1" />
				<Option compiler="gcc" />
				<Compiler>
					<Add option="-g" />
				</Compiler>
			</Target>
			<Target title="Release">
				<Option output="bin/Release/Tp 2 para code blocks" prefix_auto="1" extension_auto="1" />
				<Option object_output="obj/Release/" />
				<Option type="1" />
				<Option compiler="gcc" />
				<Compiler>
					<Add option="-O2" />
				</Compiler>
				<Linker>
					<Add option="-s" />
				</Linker>
			</Target>
		</Build>
		<Compiler>
			<Add option="-Wall" />
			<Add option="-fexceptions" />
		</Compiler>
		<Unit filename="Animal.cpp" />
		<Unit filename="Animal.h" />
		<Unit filename="Caballo.cpp" />
		<Unit filename="Caballo.h" />
		<Unit filename="Conejo.cpp" />
		<Unit filename="Conejo.h" />
		<Unit filename="Erizo.cpp" />
		<Unit filename="Erizo.h" />
		<Unit filename="Gato.cpp" />
		<Unit filename="Gato.h" />
		<Unit filename="Lagartija.cpp" />
		<Unit filename="Lagartija.h" />
		<Unit filename="Lista.h" />
		<Unit filename="Makefile" />
		<Unit filename="Nodo.h" />
		<Unit filename="Perro.cpp" />
		<Unit filename="Perro.h" />
		<Unit filename="Roedor.cpp" />
		<Unit filename="Roedor.h" />
		<Unit filename="animal_handler.cpp" />
		<Unit filename="animal_handler.h" />
		<Unit filename="animales.csv" />
		<Unit filename="lista.cpp" />
		<Unit filename="main.cpp" />
		<Unit filename="menu.cpp" />
		<Unit filename="menu.h" />
		<Unit filename="nodo.cpp" />
		<Extensions>
			<lib_finder disable_auto="1" />
		</Extensions>
	</Project>
</CodeBlocks_project_file>
